// !$*UTF8*$!
{
	archiveVersion = 1;
	classes = {
	};
	objectVersion = 50;
	objects = {

/* Begin PBXBuildFile section */
		D40F197322CB0A940063BB3F /* TableViewCell.swift in Sources */ = {isa = PBXBuildFile; fileRef = D40F197222CB0A940063BB3F /* TableViewCell.swift */; };
		D40F197522CB2B450063BB3F /* TableView.swift in Sources */ = {isa = PBXBuildFile; fileRef = D40F197422CB2B450063BB3F /* TableView.swift */; };
		D40F197722CB2BAF0063BB3F /* ChatDataSource.swift in Sources */ = {isa = PBXBuildFile; fileRef = D40F197622CB2BAF0063BB3F /* ChatDataSource.swift */; };
		D40F197922CB37B70063BB3F /* TestTableView_ViewController.swift in Sources */ = {isa = PBXBuildFile; fileRef = D40F197822CB37B70063BB3F /* TestTableView_ViewController.swift */; };
		D40F198422CB44E70063BB3F /* mineBubble@2x.png in Resources */ = {isa = PBXBuildFile; fileRef = D40F197D22CB44E70063BB3F /* mineBubble@2x.png */; };
		D40F198522CB44E70063BB3F /* xiaohua.png in Resources */ = {isa = PBXBuildFile; fileRef = D40F197E22CB44E70063BB3F /* xiaohua.png */; };
		D40F198622CB44E70063BB3F /* sz.png in Resources */ = {isa = PBXBuildFile; fileRef = D40F197F22CB44E70063BB3F /* sz.png */; };
		D40F198722CB44E70063BB3F /* xiaoming.png in Resources */ = {isa = PBXBuildFile; fileRef = D40F198022CB44E70063BB3F /* xiaoming.png */; };
		D40F198822CB44E70063BB3F /* yourBubble@2x.png in Resources */ = {isa = PBXBuildFile; fileRef = D40F198122CB44E70063BB3F /* yourBubble@2x.png */; };
		D40F198B22CB49400063BB3F /* UserInfo.swift in Sources */ = {isa = PBXBuildFile; fileRef = D40F198A22CB49400063BB3F /* UserInfo.swift */; };
		D40F198D22CB4D230063BB3F /* TableHeaderViewCell.swift in Sources */ = {isa = PBXBuildFile; fileRef = D40F198C22CB4D230063BB3F /* TableHeaderViewCell.swift */; };
		D4654AD222C5EA0D00E36FB2 /* AppDelegate.swift in Sources */ = {isa = PBXBuildFile; fileRef = D4654AD122C5EA0D00E36FB2 /* AppDelegate.swift */; };
		D4654AD422C5EA0D00E36FB2 /* ViewController.swift in Sources */ = {isa = PBXBuildFile; fileRef = D4654AD322C5EA0D00E36FB2 /* ViewController.swift */; };
		D4654AD722C5EA0D00E36FB2 /* Main.storyboard in Resources */ = {isa = PBXBuildFile; fileRef = D4654AD522C5EA0D00E36FB2 /* Main.storyboard */; };
		D4654AD922C5EA0F00E36FB2 /* Assets.xcassets in Resources */ = {isa = PBXBuildFile; fileRef = D4654AD822C5EA0F00E36FB2 /* Assets.xcassets */; };
		D4654ADC22C5EA0F00E36FB2 /* LaunchScreen.storyboard in Resources */ = {isa = PBXBuildFile; fileRef = D4654ADA22C5EA0F00E36FB2 /* LaunchScreen.storyboard */; };
		D4654AE722C5EA0F00E36FB2 /* UITestTests.swift in Sources */ = {isa = PBXBuildFile; fileRef = D4654AE622C5EA0F00E36FB2 /* UITestTests.swift */; };
		D4654AF222C5EA0F00E36FB2 /* UITestUITests.swift in Sources */ = {isa = PBXBuildFile; fileRef = D4654AF122C5EA0F00E36FB2 /* UITestUITests.swift */; };
		D4654B0322C5EB5000E36FB2 /* MessageItem.swift in Sources */ = {isa = PBXBuildFile; fileRef = D4654B0222C5EB5000E36FB2 /* MessageItem.swift */; };
		D47DDF0C22CE1B84004C3875 /* Test_basic_tableview_ViewController.swift in Sources */ = {isa = PBXBuildFile; fileRef = D47DDF0B22CE1B84004C3875 /* Test_basic_tableview_ViewController.swift */; };
/* End PBXBuildFile section */

/* Begin PBXContainerItemProxy section */
		D4654AE322C5EA0F00E36FB2 /* PBXContainerItemProxy */ = {
			isa = PBXContainerItemProxy;
			containerPortal = D4654AC622C5EA0D00E36FB2 /* Project object */;
			proxyType = 1;
			remoteGlobalIDString = D4654ACD22C5EA0D00E36FB2;
			remoteInfo = UITest;
		};
		D4654AEE22C5EA0F00E36FB2 /* PBXContainerItemProxy */ = {
			isa = PBXContainerItemProxy;
			containerPortal = D4654AC622C5EA0D00E36FB2 /* Project object */;
			proxyType = 1;
			remoteGlobalIDString = D4654ACD22C5EA0D00E36FB2;
			remoteInfo = UITest;
		};
/* End PBXContainerItemProxy section */

/* Begin PBXFileReference section */
		D40F197222CB0A940063BB3F /* TableViewCell.swift */ = {isa = PBXFileReference; lastKnownFileType = sourcecode.swift; path = TableViewCell.swift; sourceTree = "<group>"; };
		D40F197422CB2B450063BB3F /* TableView.swift */ = {isa = PBXFileReference; lastKnownFileType = sourcecode.swift; path = TableView.swift; sourceTree = "<group>"; };
		D40F197622CB2BAF0063BB3F /* ChatDataSource.swift */ = {isa = PBXFileReference; lastKnownFileType = sourcecode.swift; name = ChatDataSource.swift; path = ../view/ChatDataSource.swift; sourceTree = "<group>"; };
		D40F197822CB37B70063BB3F /* TestTableView_ViewController.swift */ = {isa = PBXFileReference; lastKnownFileType = sourcecode.swift; path = TestTableView_ViewController.swift; sourceTree = "<group>"; };
		D40F197D22CB44E70063BB3F /* mineBubble@2x.png */ = {isa = PBXFileReference; lastKnownFileType = image.png; path = "mineBubble@2x.png"; sourceTree = "<group>"; };
		D40F197E22CB44E70063BB3F /* xiaohua.png */ = {isa = PBXFileReference; lastKnownFileType = image.png; path = xiaohua.png; sourceTree = "<group>"; };
		D40F197F22CB44E70063BB3F /* sz.png */ = {isa = PBXFileReference; lastKnownFileType = image.png; path = sz.png; sourceTree = "<group>"; };
		D40F198022CB44E70063BB3F /* xiaoming.png */ = {isa = PBXFileReference; lastKnownFileType = image.png; path = xiaoming.png; sourceTree = "<group>"; };
		D40F198122CB44E70063BB3F /* yourBubble@2x.png */ = {isa = PBXFileReference; lastKnownFileType = image.png; path = "yourBubble@2x.png"; sourceTree = "<group>"; };
		D40F198A22CB49400063BB3F /* UserInfo.swift */ = {isa = PBXFileReference; lastKnownFileType = sourcecode.swift; path = UserInfo.swift; sourceTree = "<group>"; };
		D40F198C22CB4D230063BB3F /* TableHeaderViewCell.swift */ = {isa = PBXFileReference; lastKnownFileType = sourcecode.swift; path = TableHeaderViewCell.swift; sourceTree = "<group>"; };
		D4654ACE22C5EA0D00E36FB2 /* UITest.app */ = {isa = PBXFileReference; explicitFileType = wrapper.application; includeInIndex = 0; path = UITest.app; sourceTree = BUILT_PRODUCTS_DIR; };
		D4654AD122C5EA0D00E36FB2 /* AppDelegate.swift */ = {isa = PBXFileReference; lastKnownFileType = sourcecode.swift; path = AppDelegate.swift; sourceTree = "<group>"; };
		D4654AD322C5EA0D00E36FB2 /* ViewController.swift */ = {isa = PBXFileReference; lastKnownFileType = sourcecode.swift; path = ViewController.swift; sourceTree = "<group>"; };
		D4654AD622C5EA0D00E36FB2 /* Base */ = {isa = PBXFileReference; lastKnownFileType = file.storyboard; name = Base; path = Base.lproj/Main.storyboard; sourceTree = "<group>"; };
		D4654AD822C5EA0F00E36FB2 /* Assets.xcassets */ = {isa = PBXFileReference; lastKnownFileType = folder.assetcatalog; path = Assets.xcassets; sourceTree = "<group>"; };
		D4654ADB22C5EA0F00E36FB2 /* Base */ = {isa = PBXFileReference; lastKnownFileType = file.storyboard; name = Base; path = Base.lproj/LaunchScreen.storyboard; sourceTree = "<group>"; };
		D4654ADD22C5EA0F00E36FB2 /* Info.plist */ = {isa = PBXFileReference; lastKnownFileType = text.plist.xml; path = Info.plist; sourceTree = "<group>"; };
		D4654AE222C5EA0F00E36FB2 /* UITestTests.xctest */ = {isa = PBXFileReference; explicitFileType = wrapper.cfbundle; includeInIndex = 0; path = UITestTests.xctest; sourceTree = BUILT_PRODUCTS_DIR; };
		D4654AE622C5EA0F00E36FB2 /* UITestTests.swift */ = {isa = PBXFileReference; lastKnownFileType = sourcecode.swift; path = UITestTests.swift; sourceTree = "<group>"; };
		D4654AE822C5EA0F00E36FB2 /* Info.plist */ = {isa = PBXFileReference; lastKnownFileType = text.plist.xml; path = Info.plist; sourceTree = "<group>"; };
		D4654AED22C5EA0F00E36FB2 /* UITestUITests.xctest */ = {isa = PBXFileReference; explicitFileType = wrapper.cfbundle; includeInIndex = 0; path = UITestUITests.xctest; sourceTree = BUILT_PRODUCTS_DIR; };
		D4654AF122C5EA0F00E36FB2 /* UITestUITests.swift */ = {isa = PBXFileReference; lastKnownFileType = sourcecode.swift; path = UITestUITests.swift; sourceTree = "<group>"; };
		D4654AF322C5EA0F00E36FB2 /* Info.plist */ = {isa = PBXFileReference; lastKnownFileType = text.plist.xml; path = Info.plist; sourceTree = "<group>"; };
		D4654B0222C5EB5000E36FB2 /* MessageItem.swift */ = {isa = PBXFileReference; lastKnownFileType = sourcecode.swift; path = MessageItem.swift; sourceTree = "<group>"; };
		D47DDF0B22CE1B84004C3875 /* Test_basic_tableview_ViewController.swift */ = {isa = PBXFileReference; lastKnownFileType = sourcecode.swift; path = Test_basic_tableview_ViewController.swift; sourceTree = "<group>"; };
/* End PBXFileReference section */

/* Begin PBXFrameworksBuildPhase section */
		D4654ACB22C5EA0D00E36FB2 /* Frameworks */ = {
			isa = PBXFrameworksBuildPhase;
			buildActionMask = 2147483647;
			files = (
			);
			runOnlyForDeploymentPostprocessing = 0;
		};
		D4654ADF22C5EA0F00E36FB2 /* Frameworks */ = {
			isa = PBXFrameworksBuildPhase;
			buildActionMask = 2147483647;
			files = (
			);
			runOnlyForDeploymentPostprocessing = 0;
		};
		D4654AEA22C5EA0F00E36FB2 /* Frameworks */ = {
			isa = PBXFrameworksBuildPhase;
			buildActionMask = 2147483647;
			files = (
			);
			runOnlyForDeploymentPostprocessing = 0;
		};
/* End PBXFrameworksBuildPhase section */

/* Begin PBXGroup section */
		D40F197A22CB40DA0063BB3F /* controller */ = {
			isa = PBXGroup;
			children = (
				D40F197822CB37B70063BB3F /* TestTableView_ViewController.swift */,
			);
			path = controller;
			sourceTree = "<group>";
		};
		D40F197B22CB44D10063BB3F /* images */ = {
			isa = PBXGroup;
			children = (
				D40F197D22CB44E70063BB3F /* mineBubble@2x.png */,
				D40F197F22CB44E70063BB3F /* sz.png */,
				D40F197E22CB44E70063BB3F /* xiaohua.png */,
				D40F198022CB44E70063BB3F /* xiaoming.png */,
				D40F198122CB44E70063BB3F /* yourBubble@2x.png */,
			);
			path = images;
			sourceTree = "<group>";
		};
		D4654AC522C5EA0D00E36FB2 = {
			isa = PBXGroup;
			children = (
				D4654AD022C5EA0D00E36FB2 /* UITest */,
				D4654AE522C5EA0F00E36FB2 /* UITestTests */,
				D4654AF022C5EA0F00E36FB2 /* UITestUITests */,
				D4654ACF22C5EA0D00E36FB2 /* Products */,
			);
			sourceTree = "<group>";
		};
		D4654ACF22C5EA0D00E36FB2 /* Products */ = {
			isa = PBXGroup;
			children = (
				D4654ACE22C5EA0D00E36FB2 /* UITest.app */,
				D4654AE222C5EA0F00E36FB2 /* UITestTests.xctest */,
				D4654AED22C5EA0F00E36FB2 /* UITestUITests.xctest */,
			);
			name = Products;
			sourceTree = "<group>";
		};
		D4654AD022C5EA0D00E36FB2 /* UITest */ = {
			isa = PBXGroup;
			children = (
				D48353DD22CDA23C007BAF63 /* 普通tableView用法 */,
				D4654AFF22C5EA2600E36FB2 /* 聊天使用的tableview */,
				D4654AD122C5EA0D00E36FB2 /* AppDelegate.swift */,
				D4654AD322C5EA0D00E36FB2 /* ViewController.swift */,
				D4654AD522C5EA0D00E36FB2 /* Main.storyboard */,
				D4654AD822C5EA0F00E36FB2 /* Assets.xcassets */,
				D4654ADA22C5EA0F00E36FB2 /* LaunchScreen.storyboard */,
				D4654ADD22C5EA0F00E36FB2 /* Info.plist */,
			);
			path = UITest;
			sourceTree = "<group>";
		};
		D4654AE522C5EA0F00E36FB2 /* UITestTests */ = {
			isa = PBXGroup;
			children = (
				D4654AE622C5EA0F00E36FB2 /* UITestTests.swift */,
				D4654AE822C5EA0F00E36FB2 /* Info.plist */,
			);
			path = UITestTests;
			sourceTree = "<group>";
		};
		D4654AF022C5EA0F00E36FB2 /* UITestUITests */ = {
			isa = PBXGroup;
			children = (
				D4654AF122C5EA0F00E36FB2 /* UITestUITests.swift */,
				D4654AF322C5EA0F00E36FB2 /* Info.plist */,
			);
			path = UITestUITests;
			sourceTree = "<group>";
		};
		D4654AFF22C5EA2600E36FB2 /* 聊天使用的tableview */ = {
			isa = PBXGroup;
			children = (
				D40F197B22CB44D10063BB3F /* images */,
				D40F197A22CB40DA0063BB3F /* controller */,
				D4654B0122C5EB2900E36FB2 /* view */,
				D4654B0022C5EB1D00E36FB2 /* model */,
			);
			path = "聊天使用的tableview";
			sourceTree = "<group>";
		};
		D4654B0022C5EB1D00E36FB2 /* model */ = {
			isa = PBXGroup;
			children = (
				D40F197622CB2BAF0063BB3F /* ChatDataSource.swift */,
				D4654B0222C5EB5000E36FB2 /* MessageItem.swift */,
				D40F198A22CB49400063BB3F /* UserInfo.swift */,
			);
			path = model;
			sourceTree = "<group>";
		};
		D4654B0122C5EB2900E36FB2 /* view */ = {
			isa = PBXGroup;
			children = (
				D40F197222CB0A940063BB3F /* TableViewCell.swift */,
				D40F197422CB2B450063BB3F /* TableView.swift */,
				D40F198C22CB4D230063BB3F /* TableHeaderViewCell.swift */,
			);
			path = view;
			sourceTree = "<group>";
		};
		D48353DD22CDA23C007BAF63 /* 普通tableView用法 */ = {
			isa = PBXGroup;
			children = (
				D47DDF0B22CE1B84004C3875 /* Test_basic_tableview_ViewController.swift */,
			);
			path = "普通tableView用法";
			sourceTree = "<group>";
		};
/* End PBXGroup section */

/* Begin PBXNativeTarget section */
		D4654ACD22C5EA0D00E36FB2 /* UITest */ = {
			isa = PBXNativeTarget;
			buildConfigurationList = D4654AF622C5EA0F00E36FB2 /* Build configuration list for PBXNativeTarget "UITest" */;
			buildPhases = (
				D4654ACA22C5EA0D00E36FB2 /* Sources */,
				D4654ACB22C5EA0D00E36FB2 /* Frameworks */,
				D4654ACC22C5EA0D00E36FB2 /* Resources */,
			);
			buildRules = (
			);
			dependencies = (
			);
			name = UITest;
			productName = UITest;
			productReference = D4654ACE22C5EA0D00E36FB2 /* UITest.app */;
			productType = "com.apple.product-type.application";
		};
		D4654AE122C5EA0F00E36FB2 /* UITestTests */ = {
			isa = PBXNativeTarget;
			buildConfigurationList = D4654AF922C5EA0F00E36FB2 /* Build configuration list for PBXNativeTarget "UITestTests" */;
			buildPhases = (
				D4654ADE22C5EA0F00E36FB2 /* Sources */,
				D4654ADF22C5EA0F00E36FB2 /* Frameworks */,
				D4654AE022C5EA0F00E36FB2 /* Resources */,
			);
			buildRules = (
			);
			dependencies = (
				D4654AE422C5EA0F00E36FB2 /* PBXTargetDependency */,
			);
			name = UITestTests;
			productName = UITestTests;
			productReference = D4654AE222C5EA0F00E36FB2 /* UITestTests.xctest */;
			productType = "com.apple.product-type.bundle.unit-test";
		};
		D4654AEC22C5EA0F00E36FB2 /* UITestUITests */ = {
			isa = PBXNativeTarget;
			buildConfigurationList = D4654AFC22C5EA0F00E36FB2 /* Build configuration list for PBXNativeTarget "UITestUITests" */;
			buildPhases = (
				D4654AE922C5EA0F00E36FB2 /* Sources */,
				D4654AEA22C5EA0F00E36FB2 /* Frameworks */,
				D4654AEB22C5EA0F00E36FB2 /* Resources */,
			);
			buildRules = (
			);
			dependencies = (
				D4654AEF22C5EA0F00E36FB2 /* PBXTargetDependency */,
			);
			name = UITestUITests;
			productName = UITestUITests;
			productReference = D4654AED22C5EA0F00E36FB2 /* UITestUITests.xctest */;
			productType = "com.apple.product-type.bundle.ui-testing";
		};
/* End PBXNativeTarget section */

/* Begin PBXProject section */
		D4654AC622C5EA0D00E36FB2 /* Project object */ = {
			isa = PBXProject;
			attributes = {
				LastSwiftUpdateCheck = 1020;
				LastUpgradeCheck = 1020;
				ORGANIZATIONNAME = caffe;
				TargetAttributes = {
					D4654ACD22C5EA0D00E36FB2 = {
						CreatedOnToolsVersion = 10.2.1;
					};
					D4654AE122C5EA0F00E36FB2 = {
						CreatedOnToolsVersion = 10.2.1;
						TestTargetID = D4654ACD22C5EA0D00E36FB2;
					};
					D4654AEC22C5EA0F00E36FB2 = {
						CreatedOnToolsVersion = 10.2.1;
						TestTargetID = D4654ACD22C5EA0D00E36FB2;
					};
				};
			};
			buildConfigurationList = D4654AC922C5EA0D00E36FB2 /* Build configuration list for PBXProject "UITest" */;
			compatibilityVersion = "Xcode 9.3";
			developmentRegion = en;
			hasScannedForEncodings = 0;
			knownRegions = (
				en,
				Base,
			);
			mainGroup = D4654AC522C5EA0D00E36FB2;
			productRefGroup = D4654ACF22C5EA0D00E36FB2 /* Products */;
			projectDirPath = "";
			projectRoot = "";
			targets = (
				D4654ACD22C5EA0D00E36FB2 /* UITest */,
				D4654AE122C5EA0F00E36FB2 /* UITestTests */,
				D4654AEC22C5EA0F00E36FB2 /* UITestUITests */,
			);
		};
/* End PBXProject section */

/* Begin PBXResourcesBuildPhase section */
		D4654ACC22C5EA0D00E36FB2 /* Resources */ = {
			isa = PBXResourcesBuildPhase;
			buildActionMask = 2147483647;
			files = (
				D40F198622CB44E70063BB3F /* sz.png in Resources */,
				D40F198422CB44E70063BB3F /* mineBubble@2x.png in Resources */,
				D40F198522CB44E70063BB3F /* xiaohua.png in Resources */,
				D40F198722CB44E70063BB3F /* xiaoming.png in Resources */,
				D4654ADC22C5EA0F00E36FB2 /* LaunchScreen.storyboard in Resources */,
				D4654AD922C5EA0F00E36FB2 /* Assets.xcassets in Resources */,
				D40F198822CB44E70063BB3F /* yourBubble@2x.png in Resources */,
				D4654AD722C5EA0D00E36FB2 /* Main.storyboard in Resources */,
			);
			runOnlyForDeploymentPostprocessing = 0;
		};
		D4654AE022C5EA0F00E36FB2 /* Resources */ = {
			isa = PBXResourcesBuildPhase;
			buildActionMask = 2147483647;
			files = (
			);
			runOnlyForDeploymentPostprocessing = 0;
		};
		D4654AEB22C5EA0F00E36FB2 /* Resources */ = {
			isa = PBXResourcesBuildPhase;
			buildActionMask = 2147483647;
			files = (
			);
			runOnlyForDeploymentPostprocessing = 0;
		};
/* End PBXResourcesBuildPhase section */

/* Begin PBXSourcesBuildPhase section */
		D4654ACA22C5EA0D00E36FB2 /* Sources */ = {
			isa = PBXSourcesBuildPhase;
			buildActionMask = 2147483647;
			files = (
				D4654AD422C5EA0D00E36FB2 /* ViewController.swift in Sources */,
				D40F197522CB2B450063BB3F /* TableView.swift in Sources */,
				D40F197322CB0A940063BB3F /* TableViewCell.swift in Sources */,
				D4654AD222C5EA0D00E36FB2 /* AppDelegate.swift in Sources */,
				D40F198B22CB49400063BB3F /* UserInfo.swift in Sources */,
				D47DDF0C22CE1B84004C3875 /* Test_basic_tableview_ViewController.swift in Sources */,
				D40F197922CB37B70063BB3F /* TestTableView_ViewController.swift in Sources */,
				D40F197722CB2BAF0063BB3F /* ChatDataSource.swift in Sources */,
				D4654B0322C5EB5000E36FB2 /* MessageItem.swift in Sources */,
				D40F198D22CB4D230063BB3F /* TableHeaderViewCell.swift in Sources */,
			);
			runOnlyForDeploymentPostprocessing = 0;
		};
		D4654ADE22C5EA0F00E36FB2 /* Sources */ = {
			isa = PBXSourcesBuildPhase;
			buildActionMask = 2147483647;
			files = (
				D4654AE722C5EA0F00E36FB2 /* UITestTests.swift in Sources */,
			);
			runOnlyForDeploymentPostprocessing = 0;
		};
		D4654AE922C5EA0F00E36FB2 /* Sources */ = {
			isa = PBXSourcesBuildPhase;
			buildActionMask = 2147483647;
			files = (
				D4654AF222C5EA0F00E36FB2 /* UITestUITests.swift in Sources */,
			);
			runOnlyForDeploymentPostprocessing = 0;
		};
/* End PBXSourcesBuildPhase section */

/* Begin PBXTargetDependency section */
		D4654AE422C5EA0F00E36FB2 /* PBXTargetDependency */ = {
			isa = PBXTargetDependency;
			target = D4654ACD22C5EA0D00E36FB2 /* UITest */;
			targetProxy = D4654AE322C5EA0F00E36FB2 /* PBXContainerItemProxy */;
		};
		D4654AEF22C5EA0F00E36FB2 /* PBXTargetDependency */ = {
			isa = PBXTargetDependency;
			target = D4654ACD22C5EA0D00E36FB2 /* UITest */;
			targetProxy = D4654AEE22C5EA0F00E36FB2 /* PBXContainerItemProxy */;
		};
/* End PBXTargetDependency section */

/* Begin PBXVariantGroup section */
		D4654AD522C5EA0D00E36FB2 /* Main.storyboard */ = {
			isa = PBXVariantGroup;
			children = (
				D4654AD622C5EA0D00E36FB2 /* Base */,
			);
			name = Main.storyboard;
			sourceTree = "<group>";
		};
		D4654ADA22C5EA0F00E36FB2 /* LaunchScreen.storyboard */ = {
			isa = PBXVariantGroup;
			children = (
				D4654ADB22C5EA0F00E36FB2 /* Base */,
			);
			name = LaunchScreen.storyboard;
			sourceTree = "<group>";
		};
/* End PBXVariantGroup section */

/* Begin XCBuildConfiguration section */
		D4654AF422C5EA0F00E36FB2 /* Debug */ = {
			isa = XCBuildConfiguration;
			buildSettings = {
				ALWAYS_SEARCH_USER_PATHS = NO;
				CLANG_ANALYZER_NONNULL = YES;
				CLANG_ANALYZER_NUMBER_OBJECT_CONVERSION = YES_AGGRESSIVE;
				CLANG_CXX_LANGUAGE_STANDARD = "gnu++14";
				CLANG_CXX_LIBRARY = "libc++";
				CLANG_ENABLE_MODULES = YES;
				CLANG_ENABLE_OBJC_ARC = YES;
				CLANG_ENABLE_OBJC_WEAK = YES;
				CLANG_WARN_BLOCK_CAPTURE_AUTORELEASING = YES;
				CLANG_WARN_BOOL_CONVERSION = YES;
				CLANG_WARN_COMMA = YES;
				CLANG_WARN_CONSTANT_CONVERSION = YES;
				CLANG_WARN_DEPRECATED_OBJC_IMPLEMENTATIONS = YES;
				CLANG_WARN_DIRECT_OBJC_ISA_USAGE = YES_ERROR;
				CLANG_WARN_DOCUMENTATION_COMMENTS = YES;
				CLANG_WARN_EMPTY_BODY = YES;
				CLANG_WARN_ENUM_CONVERSION = YES;
				CLANG_WARN_INFINITE_RECURSION = YES;
				CLANG_WARN_INT_CONVERSION = YES;
				CLANG_WARN_NON_LITERAL_NULL_CONVERSION = YES;
				CLANG_WARN_OBJC_IMPLICIT_RETAIN_SELF = YES;
				CLANG_WARN_OBJC_LITERAL_CONVERSION = YES;
				CLANG_WARN_OBJC_ROOT_CLASS = YES_ERROR;
				CLANG_WARN_RANGE_LOOP_ANALYSIS = YES;
				CLANG_WARN_STRICT_PROTOTYPES = YES;
				CLANG_WARN_SUSPICIOUS_MOVE = YES;
				CLANG_WARN_UNGUARDED_AVAILABILITY = YES_AGGRESSIVE;
				CLANG_WARN_UNREACHABLE_CODE = YES;
				CLANG_WARN__DUPLICATE_METHOD_MATCH = YES;
				CODE_SIGN_IDENTITY = "iPhone Developer";
				COPY_PHASE_STRIP = NO;
				DEBUG_INFORMATION_FORMAT = dwarf;
				ENABLE_STRICT_OBJC_MSGSEND = YES;
				ENABLE_TESTABILITY = YES;
				GCC_C_LANGUAGE_STANDARD = gnu11;
				GCC_DYNAMIC_NO_PIC = NO;
				GCC_NO_COMMON_BLOCKS = YES;
				GCC_OPTIMIZATION_LEVEL = 0;
				GCC_PREPROCESSOR_DEFINITIONS = (
					"DEBUG=1",
					"$(inherited)",
				);
				GCC_WARN_64_TO_32_BIT_CONVERSION = YES;
				GCC_WARN_ABOUT_RETURN_TYPE = YES_ERROR;
				GCC_WARN_UNDECLARED_SELECTOR = YES;
				GCC_WARN_UNINITIALIZED_AUTOS = YES_AGGRESSIVE;
				GCC_WARN_UNUSED_FUNCTION = YES;
				GCC_WARN_UNUSED_VARIABLE = YES;
				IPHONEOS_DEPLOYMENT_TARGET = 12.2;
				MTL_ENABLE_DEBUG_INFO = INCLUDE_SOURCE;
				MTL_FAST_MATH = YES;
				ONLY_ACTIVE_ARCH = YES;
				SDKROOT = iphoneos;
				SWIFT_ACTIVE_COMPILATION_CONDITIONS = DEBUG;
				SWIFT_OPTIMIZATION_LEVEL = "-Onone";
			};
			name = Debug;
		};
		D4654AF522C5EA0F00E36FB2 /* Release */ = {
			isa = XCBuildConfiguration;
			buildSettings = {
				ALWAYS_SEARCH_USER_PATHS = NO;
				CLANG_ANALYZER_NONNULL = YES;
				CLANG_ANALYZER_NUMBER_OBJECT_CONVERSION = YES_AGGRESSIVE;
				CLANG_CXX_LANGUAGE_STANDARD = "gnu++14";
				CLANG_CXX_LIBRARY = "libc++";
				CLANG_ENABLE_MODULES = YES;
				CLANG_ENABLE_OBJC_ARC = YES;
				CLANG_ENABLE_OBJC_WEAK = YES;
				CLANG_WARN_BLOCK_CAPTURE_AUTORELEASING = YES;
				CLANG_WARN_BOOL_CONVERSION = YES;
				CLANG_WARN_COMMA = YES;
				CLANG_WARN_CONSTANT_CONVERSION = YES;
				CLANG_WARN_DEPRECATED_OBJC_IMPLEMENTATIONS = YES;
				CLANG_WARN_DIRECT_OBJC_ISA_USAGE = YES_ERROR;
				CLANG_WARN_DOCUMENTATION_COMMENTS = YES;
				CLANG_WARN_EMPTY_BODY = YES;
				CLANG_WARN_ENUM_CONVERSION = YES;
				CLANG_WARN_INFINITE_RECURSION = YES;
				CLANG_WARN_INT_CONVERSION = YES;
				CLANG_WARN_NON_LITERAL_NULL_CONVERSION = YES;
				CLANG_WARN_OBJC_IMPLICIT_RETAIN_SELF = YES;
				CLANG_WARN_OBJC_LITERAL_CONVERSION = YES;
				CLANG_WARN_OBJC_ROOT_CLASS = YES_ERROR;
				CLANG_WARN_RANGE_LOOP_ANALYSIS = YES;
				CLANG_WARN_STRICT_PROTOTYPES = YES;
				CLANG_WARN_SUSPICIOUS_MOVE = YES;
				CLANG_WARN_UNGUARDED_AVAILABILITY = YES_AGGRESSIVE;
				CLANG_WARN_UNREACHABLE_CODE = YES;
				CLANG_WARN__DUPLICATE_METHOD_MATCH = YES;
				CODE_SIGN_IDENTITY = "iPhone Developer";
				COPY_PHASE_STRIP = NO;
				DEBUG_INFORMATION_FORMAT = "dwarf-with-dsym";
				ENABLE_NS_ASSERTIONS = NO;
				ENABLE_STRICT_OBJC_MSGSEND = YES;
				GCC_C_LANGUAGE_STANDARD = gnu11;
				GCC_NO_COMMON_BLOCKS = YES;
				GCC_WARN_64_TO_32_BIT_CONVERSION = YES;
				GCC_WARN_ABOUT_RETURN_TYPE = YES_ERROR;
				GCC_WARN_UNDECLARED_SELECTOR = YES;
				GCC_WARN_UNINITIALIZED_AUTOS = YES_AGGRESSIVE;
				GCC_WARN_UNUSED_FUNCTION = YES;
				GCC_WARN_UNUSED_VARIABLE = YES;
				IPHONEOS_DEPLOYMENT_TARGET = 12.2;
				MTL_ENABLE_DEBUG_INFO = NO;
				MTL_FAST_MATH = YES;
				SDKROOT = iphoneos;
				SWIFT_COMPILATION_MODE = wholemodule;
				SWIFT_OPTIMIZATION_LEVEL = "-O";
				VALIDATE_PRODUCT = YES;
			};
			name = Release;
		};
		D4654AF722C5EA0F00E36FB2 /* Debug */ = {
			isa = XCBuildConfiguration;
			buildSettings = {
				ASSETCATALOG_COMPILER_APPICON_NAME = AppIcon;
				CODE_SIGN_STYLE = Automatic;
				DEVELOPMENT_TEAM = VTK2KVKN72;
				INFOPLIST_FILE = UITest/Info.plist;
				LD_RUNPATH_SEARCH_PATHS = (
					"$(inherited)",
					"@executable_path/Frameworks",
				);
				PRODUCT_BUNDLE_IDENTIFIER = caffe.UITest;
				PRODUCT_NAME = "$(TARGET_NAME)";
				SWIFT_VERSION = 5.0;
				TARGETED_DEVICE_FAMILY = "1,2";
			};
			name = Debug;
		};
		D4654AF822C5EA0F00E36FB2 /* Release */ = {
			isa = XCBuildConfiguration;
			buildSettings = {
				ASSETCATALOG_COMPILER_APPICON_NAME = AppIcon;
				CODE_SIGN_STYLE = Automatic;
				DEVELOPMENT_TEAM = VTK2KVKN72;
				INFOPLIST_FILE = UITest/Info.plist;
				LD_RUNPATH_SEARCH_PATHS = (
					"$(inherited)",
					"@executable_path/Frameworks",
				);
				PRODUCT_BUNDLE_IDENTIFIER = caffe.UITest;
				PRODUCT_NAME = "$(TARGET_NAME)";
				SWIFT_VERSION = 5.0;
				TARGETED_DEVICE_FAMILY = "1,2";
			};
			name = Release;
		};
		D4654AFA22C5EA0F00E36FB2 /* Debug */ = {
			isa = XCBuildConfiguration;
			buildSettings = {
				ALWAYS_EMBED_SWIFT_STANDARD_LIBRARIES = YES;
				BUNDLE_LOADER = "$(TEST_HOST)";
				CODE_SIGN_STYLE = Automatic;
				DEVELOPMENT_TEAM = TFN6MQ6M96;
				INFOPLIST_FILE = UITestTests/Info.plist;
				LD_RUNPATH_SEARCH_PATHS = (
					"$(inherited)",
					"@executable_path/Frameworks",
					"@loader_path/Frameworks",
				);
				PRODUCT_BUNDLE_IDENTIFIER = caffe.UITestTests;
				PRODUCT_NAME = "$(TARGET_NAME)";
				SWIFT_VERSION = 5.0;
				TARGETED_DEVICE_FAMILY = "1,2";
				TEST_HOST = "$(BUILT_PRODUCTS_DIR)/UITest.app/UITest";
			};
			name = Debug;
		};
		D4654AFB22C5EA0F00E36FB2 /* Release */ = {
			isa = XCBuildConfiguration;
			buildSettings = {
				ALWAYS_EMBED_SWIFT_STANDARD_LIBRARIES = YES;
				BUNDLE_LOADER = "$(TEST_HOST)";
				CODE_SIGN_STYLE = Automatic;
				DEVELOPMENT_TEAM = TFN6MQ6M96;
				INFOPLIST_FILE = UITestTests/Info.plist;
				LD_RUNPATH_SEARCH_PATHS = (
					"$(inherited)",
					"@executable_path/Frameworks",
					"@loader_path/Frameworks",
				);
				PRODUCT_BUNDLE_IDENTIFIER = caffe.UITestTests;
				PRODUCT_NAME = "$(TARGET_NAME)";
				SWIFT_VERSION = 5.0;
				TARGETED_DEVICE_FAMILY = "1,2";
				TEST_HOST = "$(BUILT_PRODUCTS_DIR)/UITest.app/UITest";
			};
			name = Release;
		};
		D4654AFD22C5EA0F00E36FB2 /* Debug */ = {
			isa = XCBuildConfiguration;
			buildSettings = {
				ALWAYS_EMBED_SWIFT_STANDARD_LIBRARIES = YES;
				CODE_SIGN_STYLE = Automatic;
				DEVELOPMENT_TEAM = TFN6MQ6M96;
				INFOPLIST_FILE = UITestUITests/Info.plist;
				LD_RUNPATH_SEARCH_PATHS = (
					"$(inherited)",
					"@executable_path/Frameworks",
					"@loader_path/Frameworks",
				);
				PRODUCT_BUNDLE_IDENTIFIER = caffe.UITestUITests;
				PRODUCT_NAME = "$(TARGET_NAME)";
				SWIFT_VERSION = 5.0;
				TARGETED_DEVICE_FAMILY = "1,2";
				TEST_TARGET_NAME = UITest;
			};
			name = Debug;
		};
		D4654AFE22C5EA0F00E36FB2 /* Release */ = {
			isa = XCBuildConfiguration;
			buildSettings = {
				ALWAYS_EMBED_SWIFT_STANDARD_LIBRARIES = YES;
				CODE_SIGN_STYLE = Automatic;
				DEVELOPMENT_TEAM = TFN6MQ6M96;
				INFOPLIST_FILE = UITestUITests/Info.plist;
				LD_RUNPATH_SEARCH_PATHS = (
					"$(inherited)",
					"@executable_path/Frameworks",
					"@loader_path/Frameworks",
				);
				PRODUCT_BUNDLE_IDENTIFIER = caffe.UITestUITests;
				PRODUCT_NAME = "$(TARGET_NAME)";
				SWIFT_VERSION = 5.0;
				TARGETED_DEVICE_FAMILY = "1,2";
				TEST_TARGET_NAME = UITest;
			};
			name = Release;
		};
/* End XCBuildConfiguration section */

/* Begin XCConfigurationList section */
		D4654AC922C5EA0D00E36FB2 /* Build configuration list for PBXProject "UITest" */ = {
			isa = XCConfigurationList;
			buildConfigurations = (
				D4654AF422C5EA0F00E36FB2 /* Debug */,
				D4654AF522C5EA0F00E36FB2 /* Release */,
			);
			defaultConfigurationIsVisible = 0;
			defaultConfigurationName = Release;
		};
		D4654AF622C5EA0F00E36FB2 /* Build configuration list for PBXNativeTarget "UITest" */ = {
			isa = XCConfigurationList;
			buildConfigurations = (
				D4654AF722C5EA0F00E36FB2 /* Debug */,
				D4654AF822C5EA0F00E36FB2 /* Release */,
			);
			defaultConfigurationIsVisible = 0;
			defaultConfigurationName = Release;
		};
		D4654AF922C5EA0F00E36FB2 /* Build configuration list for PBXNativeTarget "UITestTests" */ = {
			isa = XCConfigurationList;
			buildConfigurations = (
				D4654AFA22C5EA0F00E36FB2 /* Debug */,
				D4654AFB22C5EA0F00E36FB2 /* Release */,
			);
			defaultConfigurationIsVisible = 0;
			defaultConfigurationName = Release;
		};
		D4654AFC22C5EA0F00E36FB2 /* Build configuration list for PBXNativeTarget "UITestUITests" */ = {
			isa = XCConfigurationList;
			buildConfigurations = (
				D4654AFD22C5EA0F00E36FB2 /* Debug */,
				D4654AFE22C5EA0F00E36FB2 /* Release */,
			);
			defaultConfigurationIsVisible = 0;
			defaultConfigurationName = Release;
		};
/* End XCConfigurationList section */
	};
	rootObject = D4654AC622C5EA0D00E36FB2 /* Project object */;
}
